<?xml version="1.0" encoding="utf-8"?>
<Project ToolsVersion="4.0" xmlns="http://schemas.microsoft.com/developer/msbuild/2003">
  <ItemGroup>
    <Filter Include="Resource Files">
      <UniqueIdentifier>{67DA6AB6-F800-4c08-8B7A-83BB121AAD01}</UniqueIdentifier>
      <Extensions>rc;ico;cur;bmp;dlg;rc2;rct;bin;rgs;gif;jpg;jpeg;jpe;resx;tiff;tif;png;wav;mfcribbon-ms</Extensions>
    </Filter>
    <Filter Include="Framework Files">
      <UniqueIdentifier>{93995380-89BD-4b04-88EB-625FBE52EBFB}</UniqueIdentifier>
      <Extensions>h;hh;hpp;hxx;hm;inl;inc;ipp;xsd</Extensions>
    </Filter>
    <Filter Include="Game Files">
      <UniqueIdentifier>{4FC737F1-C7A5-4376-A066-2A32D752A2FF}</UniqueIdentifier>
      <Extensions>cpp;c;cc;cxx;def;odl;idl;hpj;bat;asm;asmx</Extensions>
    </Filter>
    <Filter Include="Game Files\GameObjects">
      <UniqueIdentifier>{7e0af869-2ad8-4381-9390-9d8b04380967}</UniqueIdentifier>
    </Filter>
    <Filter Include="Game Files\Managers">
      <UniqueIdentifier>{6be9c61c-fbad-4203-bb1f-472aefaabcd1}</UniqueIdentifier>
    </Filter>
    <Filter Include="Game Files\Factories">
      <UniqueIdentifier>{d297d057-7505-4fe9-a85d-7d0c136e3adc}</UniqueIdentifier>
    </Filter>
    <Filter Include="Game Files\GameObjects\Sentient">
      <UniqueIdentifier>{3132d3c9-827f-4f58-9766-b70dc5b9f2f0}</UniqueIdentifier>
    </Filter>
    <Filter Include="Game Files\GameObjects\Sentient\Enemies">
      <UniqueIdentifier>{681100c0-676a-4ca1-8742-70da418a17dc}</UniqueIdentifier>
    </Filter>
    <Filter Include="Game Files\Utils">
      <UniqueIdentifier>{f6d6f25d-2d73-4dd7-9f64-f49bf12661ad}</UniqueIdentifier>
    </Filter>
    <Filter Include="Game Files\Items">
      <UniqueIdentifier>{9cfa3b7b-75e3-491e-971d-6777a3637e91}</UniqueIdentifier>
    </Filter>
    <Filter Include="Game Files\Items\Derived">
      <UniqueIdentifier>{4d2d6105-d1da-404f-a158-c93b88a5200a}</UniqueIdentifier>
    </Filter>
    <Filter Include="Game Files\GameObjects\Projectile">
      <UniqueIdentifier>{983d83ca-c552-478a-8eda-34b1d26cdec1}</UniqueIdentifier>
    </Filter>
    <Filter Include="Game Files\GameObjects\Projectile\Derived">
      <UniqueIdentifier>{52592694-7bcf-4981-a6ad-76c8fe8b6309}</UniqueIdentifier>
    </Filter>
    <Filter Include="Game Files\Particles">
      <UniqueIdentifier>{fb7d502d-4a6a-43c9-890b-ac9ae4cb6786}</UniqueIdentifier>
    </Filter>
  </ItemGroup>
  <ItemGroup>
    <ClCompile Include="Game.cpp">
      <Filter>Game Files</Filter>
    </ClCompile>
    <ClCompile Include="main.cpp">
      <Filter>Game Files</Filter>
    </ClCompile>
    <ClCompile Include="Matrix2x3.cpp">
      <Filter>Framework Files</Filter>
    </ClCompile>
    <ClCompile Include="pch.cpp">
      <Filter>Framework Files</Filter>
    </ClCompile>
    <ClCompile Include="SoundEffect.cpp">
      <Filter>Framework Files</Filter>
    </ClCompile>
    <ClCompile Include="SoundStream.cpp">
      <Filter>Framework Files</Filter>
    </ClCompile>
    <ClCompile Include="structs.cpp">
      <Filter>Framework Files</Filter>
    </ClCompile>
    <ClCompile Include="SVGParser.cpp">
      <Filter>Framework Files</Filter>
    </ClCompile>
    <ClCompile Include="Texture.cpp">
      <Filter>Framework Files</Filter>
    </ClCompile>
    <ClCompile Include="utils.cpp">
      <Filter>Framework Files</Filter>
    </ClCompile>
    <ClCompile Include="Vector2f.cpp">
      <Filter>Framework Files</Filter>
    </ClCompile>
    <ClCompile Include="Core.cpp">
      <Filter>Framework Files</Filter>
    </ClCompile>
    <ClCompile Include="GameObject.cpp">
      <Filter>Game Files\GameObjects</Filter>
    </ClCompile>
    <ClCompile Include="EnemyManager.cpp">
      <Filter>Game Files\Managers</Filter>
    </ClCompile>
    <ClCompile Include="SpriteManager.cpp">
      <Filter>Game Files\Managers</Filter>
    </ClCompile>
    <ClCompile Include="Goomba.cpp">
      <Filter>Game Files\GameObjects\Sentient\Enemies</Filter>
    </ClCompile>
    <ClCompile Include="Spiny.cpp">
      <Filter>Game Files\GameObjects\Sentient\Enemies</Filter>
    </ClCompile>
    <ClCompile Include="EnemyFactory.cpp">
      <Filter>Game Files\Factories</Filter>
    </ClCompile>
    <ClCompile Include="TextureManager.cpp">
      <Filter>Game Files\Managers</Filter>
    </ClCompile>
    <ClCompile Include="Player.cpp">
      <Filter>Game Files\GameObjects\Sentient</Filter>
    </ClCompile>
    <ClCompile Include="Sentient.cpp">
      <Filter>Game Files\GameObjects\Sentient</Filter>
    </ClCompile>
    <ClCompile Include="ProjectileManager.cpp">
      <Filter>Game Files\Managers</Filter>
    </ClCompile>
    <ClCompile Include="Squiglet.cpp">
      <Filter>Game Files\GameObjects\Sentient\Enemies</Filter>
    </ClCompile>
    <ClCompile Include="Enemy.cpp">
      <Filter>Game Files\GameObjects\Sentient</Filter>
    </ClCompile>
    <ClCompile Include="Camera.cpp">
      <Filter>Game Files\Utils</Filter>
    </ClCompile>
    <ClCompile Include="Level.cpp">
      <Filter>Game Files\Utils</Filter>
    </ClCompile>
    <ClCompile Include="Sprite.cpp">
      <Filter>Game Files\Utils</Filter>
    </ClCompile>
    <ClCompile Include="Item.cpp">
      <Filter>Game Files\Items</Filter>
    </ClCompile>
    <ClCompile Include="ItemManager.cpp">
      <Filter>Game Files\Managers</Filter>
    </ClCompile>
    <ClCompile Include="ItemFactory.cpp">
      <Filter>Game Files\Factories</Filter>
    </ClCompile>
    <ClCompile Include="PixlManager.cpp">
      <Filter>Game Files\Managers</Filter>
    </ClCompile>
    <ClCompile Include="Key.cpp">
      <Filter>Game Files\Items\Derived</Filter>
    </ClCompile>
    <ClCompile Include="RedShroomshake.cpp">
      <Filter>Game Files\Items\Derived</Filter>
    </ClCompile>
    <ClCompile Include="TextManager.cpp">
      <Filter>Game Files\Managers</Filter>
    </ClCompile>
    <ClCompile Include="Managers.cpp">
      <Filter>Game Files\Utils</Filter>
    </ClCompile>
    <ClCompile Include="Projectile.cpp">
      <Filter>Game Files\GameObjects\Projectile</Filter>
    </ClCompile>
    <ClCompile Include="Coconut.cpp">
      <Filter>Game Files\GameObjects\Projectile\Derived</Filter>
    </ClCompile>
    <ClCompile Include="ProjectileFactory.cpp">
      <Filter>Game Files\Factories</Filter>
    </ClCompile>
    <ClCompile Include="Bomb.cpp">
      <Filter>Game Files\GameObjects\Projectile\Derived</Filter>
    </ClCompile>
    <ClCompile Include="Coin.cpp">
      <Filter>Game Files\Particles</Filter>
    </ClCompile>
    <ClCompile Include="Particle.cpp">
      <Filter>Game Files\Particles</Filter>
    </ClCompile>
    <ClCompile Include="ParticleManager.cpp">
      <Filter>Game Files\Managers</Filter>
    </ClCompile>
    <ClCompile Include="Smoke.cpp">
      <Filter>Game Files\Particles</Filter>
    </ClCompile>
    <ClCompile Include="Pixl.cpp">
      <Filter>Game Files\Utils</Filter>
    </ClCompile>
    <ClCompile Include="PowerBlock.cpp">
      <Filter>Game Files\Items\Derived</Filter>
    </ClCompile>
    <ClCompile Include="IceStorm.cpp">
      <Filter>Game Files\Items\Derived</Filter>
    </ClCompile>
    <ClCompile Include="Cherbil.cpp">
      <Filter>Game Files\GameObjects\Sentient\Enemies</Filter>
    </ClCompile>
    <ClCompile Include="CherbilProjectile.cpp">
      <Filter>Game Files\GameObjects\Projectile\Derived</Filter>
    </ClCompile>
  </ItemGroup>
  <ItemGroup>
    <ClInclude Include="pch.h">
      <Filter>Framework Files</Filter>
    </ClInclude>
    <ClInclude Include="Core.h">
      <Filter>Framework Files</Filter>
    </ClInclude>
    <ClInclude Include="Matrix2x3.h">
      <Filter>Framework Files</Filter>
    </ClInclude>
    <ClInclude Include="SoundEffect.h">
      <Filter>Framework Files</Filter>
    </ClInclude>
    <ClInclude Include="SoundStream.h">
      <Filter>Framework Files</Filter>
    </ClInclude>
    <ClInclude Include="structs.h">
      <Filter>Framework Files</Filter>
    </ClInclude>
    <ClInclude Include="SVGParser.h">
      <Filter>Framework Files</Filter>
    </ClInclude>
    <ClInclude Include="Texture.h">
      <Filter>Framework Files</Filter>
    </ClInclude>
    <ClInclude Include="utils.h">
      <Filter>Framework Files</Filter>
    </ClInclude>
    <ClInclude Include="Vector2f.h">
      <Filter>Framework Files</Filter>
    </ClInclude>
    <ClInclude Include="Game.h">
      <Filter>Game Files</Filter>
    </ClInclude>
    <ClInclude Include="GameObject.h">
      <Filter>Game Files\GameObjects</Filter>
    </ClInclude>
    <ClInclude Include="EnemyManager.h">
      <Filter>Game Files\Managers</Filter>
    </ClInclude>
    <ClInclude Include="SpriteManager.h">
      <Filter>Game Files\Managers</Filter>
    </ClInclude>
    <ClInclude Include="Goomba.h">
      <Filter>Game Files\GameObjects\Sentient\Enemies</Filter>
    </ClInclude>
    <ClInclude Include="Spiny.h">
      <Filter>Game Files\GameObjects\Sentient\Enemies</Filter>
    </ClInclude>
    <ClInclude Include="EnemyFactory.h">
      <Filter>Game Files\Factories</Filter>
    </ClInclude>
    <ClInclude Include="TextureManager.h">
      <Filter>Game Files\Managers</Filter>
    </ClInclude>
    <ClInclude Include="Player.h">
      <Filter>Game Files\GameObjects\Sentient</Filter>
    </ClInclude>
    <ClInclude Include="Sentient.h">
      <Filter>Game Files\GameObjects\Sentient</Filter>
    </ClInclude>
    <ClInclude Include="Squiglet.h">
      <Filter>Game Files\GameObjects\Sentient\Enemies</Filter>
    </ClInclude>
    <ClInclude Include="ProjectileManager.h">
      <Filter>Game Files\Managers</Filter>
    </ClInclude>
    <ClInclude Include="Enemy.h">
      <Filter>Game Files\GameObjects\Sentient</Filter>
    </ClInclude>
    <ClInclude Include="Camera.h">
      <Filter>Game Files\Utils</Filter>
    </ClInclude>
    <ClInclude Include="Level.h">
      <Filter>Game Files\Utils</Filter>
    </ClInclude>
    <ClInclude Include="Sprite.h">
      <Filter>Game Files\Utils</Filter>
    </ClInclude>
    <ClInclude Include="PixlManager.h">
      <Filter>Game Files\Managers</Filter>
    </ClInclude>
    <ClInclude Include="Item.h">
      <Filter>Game Files\Items</Filter>
    </ClInclude>
    <ClInclude Include="ItemFactory.h">
      <Filter>Game Files\Factories</Filter>
    </ClInclude>
    <ClInclude Include="ItemManager.h">
      <Filter>Game Files\Managers</Filter>
    </ClInclude>
    <ClInclude Include="Key.h">
      <Filter>Game Files\Items\Derived</Filter>
    </ClInclude>
    <ClInclude Include="RedShroomshake.h">
      <Filter>Game Files\Items\Derived</Filter>
    </ClInclude>
    <ClInclude Include="TextManager.h">
      <Filter>Game Files\Managers</Filter>
    </ClInclude>
    <ClInclude Include="Managers.h">
      <Filter>Game Files\Utils</Filter>
    </ClInclude>
    <ClInclude Include="Projectile.h">
      <Filter>Game Files\GameObjects\Projectile</Filter>
    </ClInclude>
    <ClInclude Include="ProjectileFactory.h">
      <Filter>Game Files\Factories</Filter>
    </ClInclude>
    <ClInclude Include="Coconut.h">
      <Filter>Game Files\GameObjects\Projectile\Derived</Filter>
    </ClInclude>
    <ClInclude Include="resource.h">
      <Filter>Framework Files</Filter>
    </ClInclude>
    <ClInclude Include="Bomb.h">
      <Filter>Game Files\GameObjects\Projectile\Derived</Filter>
    </ClInclude>
    <ClInclude Include="Coin.h">
      <Filter>Game Files\Particles</Filter>
    </ClInclude>
    <ClInclude Include="ParticleManager.h">
      <Filter>Game Files\Managers</Filter>
    </ClInclude>
    <ClInclude Include="Particle.h">
      <Filter>Game Files\Particles</Filter>
    </ClInclude>
    <ClInclude Include="Smoke.h">
      <Filter>Game Files\Particles</Filter>
    </ClInclude>
    <ClInclude Include="Pixl.h">
      <Filter>Game Files\Utils</Filter>
    </ClInclude>
    <ClInclude Include="PowerBlock.h">
      <Filter>Game Files\Items\Derived</Filter>
    </ClInclude>
    <ClInclude Include="IceStorm.h">
      <Filter>Game Files\Items\Derived</Filter>
    </ClInclude>
    <ClInclude Include="Cherbil.h">
      <Filter>Game Files\GameObjects\Sentient\Enemies</Filter>
    </ClInclude>
    <ClInclude Include="CherbilProjectile.h">
      <Filter>Game Files\GameObjects\Projectile\Derived</Filter>
    </ClInclude>
  </ItemGroup>
  <ItemGroup>
    <None Include="SDLWin32.props" />
    <None Include="SDLx64.props" />
    <None Include="De_Ridder_Jonas_Game.xlsx">
      <Filter>Resource Files</Filter>
    </None>
  </ItemGroup>
  <ItemGroup>
    <ResourceCompile Include="De_Ridder_Jonas_Super_Paper_Mario.rc">
      <Filter>Resource Files</Filter>
    </ResourceCompile>
  </ItemGroup>
</Project>